# This file was autogenerated by Stack.
# You should not edit this file by hand.
# For more information, please see the documentation at:
#   https://docs.haskellstack.org/en/stable/topics/lock_files

packages:
- completed:
    hackage: gogol-0.5.0@sha256:01b38acf97ae0afb2465935fee1bebce03c1b84e629cf0887467be7ae361f0a7,3222
    pantry-tree:
      sha256: ab472e169f12b97837cdfca2262b2d6fb569ae17876cbc10e97186944a401866
      size: 1243
  original:
    hackage: gogol-0.5.0
- completed:
    hackage: gogol-core-0.5.0@sha256:d4efdd3070fe3a9af49a612b068fc046c927981d00ba22aa1f434009a886d64c,2938
    pantry-tree:
      sha256: e29911adc9223be0a5e82fc1ecbe9883d6fe12a5870e8c06896e1459adebd7b6
      size: 686
  original:
    hackage: gogol-core-0.5.0
- completed:
    hackage: gogol-drive-0.5.0@sha256:1b1a15da699a09cbfe42e1bf297f6439c8f32403efcca417667d384ca1cb3c9d,3991
    pantry-tree:
      sha256: d4d24b495c699a6fca539f652de5e130529ad348360370f02390f63496dc7952
      size: 4784
  original:
    hackage: gogol-drive-0.5.0
- completed:
    hackage: base64-1.0@sha256:7f92c1268e6fa191b41abab53313201644af756f3fdd7e99edf3c875e6ba02a4,2904
    pantry-tree:
      sha256: 3576fc8231ddcb63718a5858f6f1b43fe80f6572a88bab96445f1d6517d8ab3c
      size: 2229
  original:
    hackage: base64-1.0@sha256:7f92c1268e6fa191b41abab53313201644af756f3fdd7e99edf3c875e6ba02a4,2904
- completed:
    hackage: x509-1.7.7@sha256:90eef2d745a654146fc1c325e035eaddac531e4d2145d4bc1dcf4b8fad439d34,2276
    pantry-tree:
      sha256: d81ffd09633c0417bcedbfc29f870cc843ec0750edd2f73c8fd60a5e5df278d2
      size: 1124
  original:
    hackage: x509-1.7.7@sha256:90eef2d745a654146fc1c325e035eaddac531e4d2145d4bc1dcf4b8fad439d34,2276
- completed:
    hackage: x509-store-1.6.9@sha256:1f1abeab5bacf1407b920d0f34f4c35a5ad450ff0d8121cd3dc76460f81e711d,1716
    pantry-tree:
      sha256: 9fc5a6a997af3569c79d5062534cc9836721b39df86bef56308f209164ab500d
      size: 398
  original:
    hackage: x509-store-1.6.9@sha256:1f1abeab5bacf1407b920d0f34f4c35a5ad450ff0d8121cd3dc76460f81e711d,1716
snapshots:
- completed:
    sha256: 3c412a7c13dba6d3d808455a458e0776c58b6cf99b8a7961a2f5e55589d6f1d6
    size: 729011
    url: https://raw.githubusercontent.com/commercialhaskell/stackage-snapshots/master/lts/24/43.yaml
  original: lts-24.43
